
Microsoft Visual Studio Solution File, Format Version 12.00
# Visual Studio Version 17
VisualStudioVersion = 17.7.34024.191
MinimumVisualStudioVersion = 10.0.40219.1
Project("{8BC9CEB8-8B4A-11D0-8D11-00A0C91BC942}") = "huffmanTree", "huffmanTree.vcxproj", "{EDA6889D-8F94-44CB-9AAA-DD4A1EA41B2F}"
EndProject
Global
	GlobalSection(SolutionConfigurationPlatforms) = preSolution
		Debug|x64 = Debug|x64
		Debug|x86 = Debug|x86
		Release|x64 = Release|x64
		Release|x86 = Release|x86
	EndGlobalSection
	GlobalSection(ProjectConfigurationPlatforms) = postSolution
		{EDA6889D-8F94-44CB-9AAA-DD4A1EA41B2F}.Debug|x64.ActiveCfg = Debug|x64
		{EDA6889D-8F94-44CB-9AAA-DD4A1EA41B2F}.Debug|x64.Build.0 = Debug|x64
		{EDA6889D-8F94-44CB-9AAA-DD4A1EA41B2F}.Debug|x86.ActiveCfg = Debug|Win32
		{EDA6889D-8F94-44CB-9AAA-DD4A1EA41B2F}.Debug|x86.Build.0 = Debug|Win32
		{EDA6889D-8F94-44CB-9AAA-DD4A1EA41B2F}.Release|x64.ActiveCfg = Release|x64
		{EDA6889D-8F94-44CB-9AAA-DD4A1EA41B2F}.Release|x64.Build.0 = Release|x64
		{EDA6889D-8F94-44CB-9AAA-DD4A1EA41B2F}.Release|x86.ActiveCfg = Release|Win32
		{EDA6889D-8F94-44CB-9AAA-DD4A1EA41B2F}.Release|x86.Build.0 = Release|Win32
	EndGlobalSection
	GlobalSection(SolutionProperties) = preSolution
		HideSolutionNode = FALSE
	EndGlobalSection
	GlobalSection(ExtensibilityGlobals) = postSolution
		SolutionGuid = {EA8B7B32-6BFA-45FB-A026-00BA1A0CDD97}
	EndGlobalSection
EndGlobal
